// !$*UTF8*$!
{
	archiveVersion = 1;
	classes = {
	};
	objectVersion = 46;
	objects = {

/* Begin PBXBuildFile section */
		86505DD71E99144D0016512E /* main.m in Sources */ = {isa = PBXBuildFile; fileRef = 86505DD61E99144D0016512E /* main.m */; };
		86505DDA1E99144D0016512E /* AppDelegate.m in Sources */ = {isa = PBXBuildFile; fileRef = 86505DD91E99144D0016512E /* AppDelegate.m */; };
		86505DDD1E99144D0016512E /* FirstViewController.m in Sources */ = {isa = PBXBuildFile; fileRef = 86505DDC1E99144D0016512E /* FirstViewController.m */; };
		86505DE01E99144D0016512E /* SecondViewController.m in Sources */ = {isa = PBXBuildFile; fileRef = 86505DDF1E99144D0016512E /* SecondViewController.m */; };
		86505DE31E99144D0016512E /* Main.storyboard in Resources */ = {isa = PBXBuildFile; fileRef = 86505DE11E99144D0016512E /* Main.storyboard */; };
		86505DE51E99144D0016512E /* Assets.xcassets in Resources */ = {isa = PBXBuildFile; fileRef = 86505DE41E99144D0016512E /* Assets.xcassets */; };
		86505DE81E99144D0016512E /* LaunchScreen.storyboard in Resources */ = {isa = PBXBuildFile; fileRef = 86505DE61E99144D0016512E /* LaunchScreen.storyboard */; };
		86505DF31E99144D0016512E /* World_Wide_ProtestTests.m in Sources */ = {isa = PBXBuildFile; fileRef = 86505DF21E99144D0016512E /* World_Wide_ProtestTests.m */; };
		86505DFE1E99144D0016512E /* World_Wide_ProtestUITests.m in Sources */ = {isa = PBXBuildFile; fileRef = 86505DFD1E99144D0016512E /* World_Wide_ProtestUITests.m */; };
/* End PBXBuildFile section */

/* Begin PBXContainerItemProxy section */
		86505DEF1E99144D0016512E /* PBXContainerItemProxy */ = {
			isa = PBXContainerItemProxy;
			containerPortal = 86505DCA1E99144D0016512E /* Project object */;
			proxyType = 1;
			remoteGlobalIDString = 86505DD11E99144D0016512E;
			remoteInfo = "World Wide Protest";
		};
		86505DFA1E99144D0016512E /* PBXContainerItemProxy */ = {
			isa = PBXContainerItemProxy;
			containerPortal = 86505DCA1E99144D0016512E /* Project object */;
			proxyType = 1;
			remoteGlobalIDString = 86505DD11E99144D0016512E;
			remoteInfo = "World Wide Protest";
		};
/* End PBXContainerItemProxy section */

/* Begin PBXFileReference section */
		86505DD21E99144D0016512E /* World Wide Protest.app */ = {isa = PBXFileReference; explicitFileType = wrapper.application; includeInIndex = 0; path = "World Wide Protest.app"; sourceTree = BUILT_PRODUCTS_DIR; };
		86505DD61E99144D0016512E /* main.m */ = {isa = PBXFileReference; lastKnownFileType = sourcecode.c.objc; path = main.m; sourceTree = "<group>"; };
		86505DD81E99144D0016512E /* AppDelegate.h */ = {isa = PBXFileReference; lastKnownFileType = sourcecode.c.h; path = AppDelegate.h; sourceTree = "<group>"; };
		86505DD91E99144D0016512E /* AppDelegate.m */ = {isa = PBXFileReference; lastKnownFileType = sourcecode.c.objc; path = AppDelegate.m; sourceTree = "<group>"; };
		86505DDB1E99144D0016512E /* FirstViewController.h */ = {isa = PBXFileReference; lastKnownFileType = sourcecode.c.h; path = FirstViewController.h; sourceTree = "<group>"; };
		86505DDC1E99144D0016512E /* FirstViewController.m */ = {isa = PBXFileReference; lastKnownFileType = sourcecode.c.objc; path = FirstViewController.m; sourceTree = "<group>"; };
		86505DDE1E99144D0016512E /* SecondViewController.h */ = {isa = PBXFileReference; lastKnownFileType = sourcecode.c.h; path = SecondViewController.h; sourceTree = "<group>"; };
		86505DDF1E99144D0016512E /* SecondViewController.m */ = {isa = PBXFileReference; lastKnownFileType = sourcecode.c.objc; path = SecondViewController.m; sourceTree = "<group>"; };
		86505DE21E99144D0016512E /* Base */ = {isa = PBXFileReference; lastKnownFileType = file.storyboard; name = Base; path = Base.lproj/Main.storyboard; sourceTree = "<group>"; };
		86505DE41E99144D0016512E /* Assets.xcassets */ = {isa = PBXFileReference; lastKnownFileType = folder.assetcatalog; path = Assets.xcassets; sourceTree = "<group>"; };
		86505DE71E99144D0016512E /* Base */ = {isa = PBXFileReference; lastKnownFileType = file.storyboard; name = Base; path = Base.lproj/LaunchScreen.storyboard; sourceTree = "<group>"; };
		86505DE91E99144D0016512E /* Info.plist */ = {isa = PBXFileReference; lastKnownFileType = text.plist.xml; path = Info.plist; sourceTree = "<group>"; };
		86505DEE1E99144D0016512E /* World Wide ProtestTests.xctest */ = {isa = PBXFileReference; explicitFileType = wrapper.cfbundle; includeInIndex = 0; path = "World Wide ProtestTests.xctest"; sourceTree = BUILT_PRODUCTS_DIR; };
		86505DF21E99144D0016512E /* World_Wide_ProtestTests.m */ = {isa = PBXFileReference; lastKnownFileType = sourcecode.c.objc; path = World_Wide_ProtestTests.m; sourceTree = "<group>"; };
		86505DF41E99144D0016512E /* Info.plist */ = {isa = PBXFileReference; lastKnownFileType = text.plist.xml; path = Info.plist; sourceTree = "<group>"; };
		86505DF91E99144D0016512E /* World Wide ProtestUITests.xctest */ = {isa = PBXFileReference; explicitFileType = wrapper.cfbundle; includeInIndex = 0; path = "World Wide ProtestUITests.xctest"; sourceTree = BUILT_PRODUCTS_DIR; };
		86505DFD1E99144D0016512E /* World_Wide_ProtestUITests.m */ = {isa = PBXFileReference; lastKnownFileType = sourcecode.c.objc; path = World_Wide_ProtestUITests.m; sourceTree = "<group>"; };
		86505DFF1E99144D0016512E /* Info.plist */ = {isa = PBXFileReference; lastKnownFileType = text.plist.xml; path = Info.plist; sourceTree = "<group>"; };
/* End PBXFileReference section */

/* Begin PBXFrameworksBuildPhase section */
		86505DCF1E99144D0016512E /* Frameworks */ = {
			isa = PBXFrameworksBuildPhase;
			buildActionMask = 2147483647;
			files = (
			);
			runOnlyForDeploymentPostprocessing = 0;
		};
		86505DEB1E99144D0016512E /* Frameworks */ = {
			isa = PBXFrameworksBuildPhase;
			buildActionMask = 2147483647;
			files = (
			);
			runOnlyForDeploymentPostprocessing = 0;
		};
		86505DF61E99144D0016512E /* Frameworks */ = {
			isa = PBXFrameworksBuildPhase;
			buildActionMask = 2147483647;
			files = (
			);
			runOnlyForDeploymentPostprocessing = 0;
		};
/* End PBXFrameworksBuildPhase section */

/* Begin PBXGroup section */
		86505DC91E99144D0016512E = {
			isa = PBXGroup;
			children = (
				86505DD41E99144D0016512E /* World Wide Protest */,
				86505DF11E99144D0016512E /* World Wide ProtestTests */,
				86505DFC1E99144D0016512E /* World Wide ProtestUITests */,
				86505DD31E99144D0016512E /* Products */,
			);
			sourceTree = "<group>";
		};
		86505DD31E99144D0016512E /* Products */ = {
			isa = PBXGroup;
			children = (
				86505DD21E99144D0016512E /* World Wide Protest.app */,
				86505DEE1E99144D0016512E /* World Wide ProtestTests.xctest */,
				86505DF91E99144D0016512E /* World Wide ProtestUITests.xctest */,
			);
			name = Products;
			sourceTree = "<group>";
		};
		86505DD41E99144D0016512E /* World Wide Protest */ = {
			isa = PBXGroup;
			children = (
				86505DD81E99144D0016512E /* AppDelegate.h */,
				86505DD91E99144D0016512E /* AppDelegate.m */,
				86505DDB1E99144D0016512E /* FirstViewController.h */,
				86505DDC1E99144D0016512E /* FirstViewController.m */,
				86505DDE1E99144D0016512E /* SecondViewController.h */,
				86505DDF1E99144D0016512E /* SecondViewController.m */,
				86505DE11E99144D0016512E /* Main.storyboard */,
				86505DE41E99144D0016512E /* Assets.xcassets */,
				86505DE61E99144D0016512E /* LaunchScreen.storyboard */,
				86505DE91E99144D0016512E /* Info.plist */,
				86505DD51E99144D0016512E /* Supporting Files */,
			);
			path = "World Wide Protest";
			sourceTree = "<group>";
		};
		86505DD51E99144D0016512E /* Supporting Files */ = {
			isa = PBXGroup;
			children = (
				86505DD61E99144D0016512E /* main.m */,
			);
			name = "Supporting Files";
			sourceTree = "<group>";
		};
		86505DF11E99144D0016512E /* World Wide ProtestTests */ = {
			isa = PBXGroup;
			children = (
				86505DF21E99144D0016512E /* World_Wide_ProtestTests.m */,
				86505DF41E99144D0016512E /* Info.plist */,
			);
			path = "World Wide ProtestTests";
			sourceTree = "<group>";
		};
		86505DFC1E99144D0016512E /* World Wide ProtestUITests */ = {
			isa = PBXGroup;
			children = (
				86505DFD1E99144D0016512E /* World_Wide_ProtestUITests.m */,
				86505DFF1E99144D0016512E /* Info.plist */,
			);
			path = "World Wide ProtestUITests";
			sourceTree = "<group>";
		};
/* End PBXGroup section */

/* Begin PBXNativeTarget section */
		86505DD11E99144D0016512E /* World Wide Protest */ = {
			isa = PBXNativeTarget;
			buildConfigurationList = 86505E021E99144D0016512E /* Build configuration list for PBXNativeTarget "World Wide Protest" */;
			buildPhases = (
				86505DCE1E99144D0016512E /* Sources */,
				86505DCF1E99144D0016512E /* Frameworks */,
				86505DD01E99144D0016512E /* Resources */,
			);
			buildRules = (
			);
			dependencies = (
			);
			name = "World Wide Protest";
			productName = "World Wide Protest";
			productReference = 86505DD21E99144D0016512E /* World Wide Protest.app */;
			productType = "com.apple.product-type.application";
		};
		86505DED1E99144D0016512E /* World Wide ProtestTests */ = {
			isa = PBXNativeTarget;
			buildConfigurationList = 86505E051E99144D0016512E /* Build configuration list for PBXNativeTarget "World Wide ProtestTests" */;
			buildPhases = (
				86505DEA1E99144D0016512E /* Sources */,
				86505DEB1E99144D0016512E /* Frameworks */,
				86505DEC1E99144D0016512E /* Resources */,
			);
			buildRules = (
			);
			dependencies = (
				86505DF01E99144D0016512E /* PBXTargetDependency */,
			);
			name = "World Wide ProtestTests";
			productName = "World Wide ProtestTests";
			productReference = 86505DEE1E99144D0016512E /* World Wide ProtestTests.xctest */;
			productType = "com.apple.product-type.bundle.unit-test";
		};
		86505DF81E99144D0016512E /* World Wide ProtestUITests */ = {
			isa = PBXNativeTarget;
			buildConfigurationList = 86505E081E99144D0016512E /* Build configuration list for PBXNativeTarget "World Wide ProtestUITests" */;
			buildPhases = (
				86505DF51E99144D0016512E /* Sources */,
				86505DF61E99144D0016512E /* Frameworks */,
				86505DF71E99144D0016512E /* Resources */,
			);
			buildRules = (
			);
			dependencies = (
				86505DFB1E99144D0016512E /* PBXTargetDependency */,
			);
			name = "World Wide ProtestUITests";
			productName = "World Wide ProtestUITests";
			productReference = 86505DF91E99144D0016512E /* World Wide ProtestUITests.xctest */;
			productType = "com.apple.product-type.bundle.ui-testing";
		};
/* End PBXNativeTarget section */

/* Begin PBXProject section */
		86505DCA1E99144D0016512E /* Project object */ = {
			isa = PBXProject;
			attributes = {
				LastUpgradeCheck = 0830;
				ORGANIZATIONNAME = "Frederik Riedel";
				TargetAttributes = {
					86505DD11E99144D0016512E = {
						CreatedOnToolsVersion = 8.3;
						DevelopmentTeam = 52U6XAJSSF;
						ProvisioningStyle = Automatic;
					};
					86505DED1E99144D0016512E = {
						CreatedOnToolsVersion = 8.3;
						DevelopmentTeam = 52U6XAJSSF;
						ProvisioningStyle = Automatic;
						TestTargetID = 86505DD11E99144D0016512E;
					};
					86505DF81E99144D0016512E = {
						CreatedOnToolsVersion = 8.3;
						DevelopmentTeam = 52U6XAJSSF;
						ProvisioningStyle = Automatic;
						TestTargetID = 86505DD11E99144D0016512E;
					};
				};
			};
			buildConfigurationList = 86505DCD1E99144D0016512E /* Build configuration list for PBXProject "World Wide Protest" */;
			compatibilityVersion = "Xcode 3.2";
			developmentRegion = English;
			hasScannedForEncodings = 0;
			knownRegions = (
				en,
				Base,
			);
			mainGroup = 86505DC91E99144D0016512E;
			productRefGroup = 86505DD31E99144D0016512E /* Products */;
			projectDirPath = "";
			projectRoot = "";
			targets = (
				86505DD11E99144D0016512E /* World Wide Protest */,
				86505DED1E99144D0016512E /* World Wide ProtestTests */,
				86505DF81E99144D0016512E /* World Wide ProtestUITests */,
			);
		};
/* End PBXProject section */

/* Begin PBXResourcesBuildPhase section */
		86505DD01E99144D0016512E /* Resources */ = {
			isa = PBXResourcesBuildPhase;
			buildActionMask = 2147483647;
			files = (
				86505DE81E99144D0016512E /* LaunchScreen.storyboard in Resources */,
				86505DE51E99144D0016512E /* Assets.xcassets in Resources */,
				86505DE31E99144D0016512E /* Main.storyboard in Resources */,
			);
			runOnlyForDeploymentPostprocessing = 0;
		};
		86505DEC1E99144D0016512E /* Resources */ = {
			isa = PBXResourcesBuildPhase;
			buildActionMask = 2147483647;
			files = (
			);
			runOnlyForDeploymentPostprocessing = 0;
		};
		86505DF71E99144D0016512E /* Resources */ = {
			isa = PBXResourcesBuildPhase;
			buildActionMask = 2147483647;
			files = (
			);
			runOnlyForDeploymentPostprocessing = 0;
		};
/* End PBXResourcesBuildPhase section */

/* Begin PBXSourcesBuildPhase section */
		86505DCE1E99144D0016512E /* Sources */ = {
			isa = PBXSourcesBuildPhase;
			buildActionMask = 2147483647;
			files = (
				86505DE01E99144D0016512E /* SecondViewController.m in Sources */,
				86505DDA1E99144D0016512E /* AppDelegate.m in Sources */,
				86505DDD1E99144D0016512E /* FirstViewController.m in Sources */,
				86505DD71E99144D0016512E /* main.m in Sources */,
			);
			runOnlyForDeploymentPostprocessing = 0;
		};
		86505DEA1E99144D0016512E /* Sources */ = {
			isa = PBXSourcesBuildPhase;
			buildActionMask = 2147483647;
			files = (
				86505DF31E99144D0016512E /* World_Wide_ProtestTests.m in Sources */,
			);
			runOnlyForDeploymentPostprocessing = 0;
		};
		86505DF51E99144D0016512E /* Sources */ = {
			isa = PBXSourcesBuildPhase;
			buildActionMask = 2147483647;
			files = (
				86505DFE1E99144D0016512E /* World_Wide_ProtestUITests.m in Sources */,
			);
			runOnlyForDeploymentPostprocessing = 0;
		};
/* End PBXSourcesBuildPhase section */

/* Begin PBXTargetDependency section */
		86505DF01E99144D0016512E /* PBXTargetDependency */ = {
			isa = PBXTargetDependency;
			target = 86505DD11E99144D0016512E /* World Wide Protest */;
			targetProxy = 86505DEF1E99144D0016512E /* PBXContainerItemProxy */;
		};
		86505DFB1E99144D0016512E /* PBXTargetDependency */ = {
			isa = PBXTargetDependency;
			target = 86505DD11E99144D0016512E /* World Wide Protest */;
			targetProxy = 86505DFA1E99144D0016512E /* PBXContainerItemProxy */;
		};
/* End PBXTargetDependency section */

/* Begin PBXVariantGroup section */
		86505DE11E99144D0016512E /* Main.storyboard */ = {
			isa = PBXVariantGroup;
			children = (
				86505DE21E99144D0016512E /* Base */,
			);
			name = Main.storyboard;
			sourceTree = "<group>";
		};
		86505DE61E99144D0016512E /* LaunchScreen.storyboard */ = {
			isa = PBXVariantGroup;
			children = (
				86505DE71E99144D0016512E /* Base */,
			);
			name = LaunchScreen.storyboard;
			sourceTree = "<group>";
		};
/* End PBXVariantGroup section */

/* Begin XCBuildConfiguration section */
		86505E001E99144D0016512E /* Debug */ = {
			isa = XCBuildConfiguration;
			buildSettings = {
				ALWAYS_SEARCH_USER_PATHS = NO;
				CLANG_ANALYZER_NONNULL = YES;
				CLANG_ANALYZER_NUMBER_OBJECT_CONVERSION = YES_AGGRESSIVE;
				CLANG_CXX_LANGUAGE_STANDARD = "gnu++0x";
				CLANG_CXX_LIBRARY = "libc++";
				CLANG_ENABLE_MODULES = YES;
				CLANG_ENABLE_OBJC_ARC = YES;
				CLANG_WARN_BOOL_CONVERSION = YES;
				CLANG_WARN_CONSTANT_CONVERSION = YES;
				CLANG_WARN_DIRECT_OBJC_ISA_USAGE = YES_ERROR;
				CLANG_WARN_DOCUMENTATION_COMMENTS = YES;
				CLANG_WARN_EMPTY_BODY = YES;
				CLANG_WARN_ENUM_CONVERSION = YES;
				CLANG_WARN_INFINITE_RECURSION = YES;
				CLANG_WARN_INT_CONVERSION = YES;
				CLANG_WARN_OBJC_ROOT_CLASS = YES_ERROR;
				CLANG_WARN_SUSPICIOUS_MOVE = YES;
				CLANG_WARN_UNREACHABLE_CODE = YES;
				CLANG_WARN__DUPLICATE_METHOD_MATCH = YES;
				"CODE_SIGN_IDENTITY[sdk=iphoneos*]" = "iPhone Developer";
				COPY_PHASE_STRIP = NO;
				DEBUG_INFORMATION_FORMAT = dwarf;
				ENABLE_STRICT_OBJC_MSGSEND = YES;
				ENABLE_TESTABILITY = YES;
				GCC_C_LANGUAGE_STANDARD = gnu99;
				GCC_DYNAMIC_NO_PIC = NO;
				GCC_NO_COMMON_BLOCKS = YES;
				GCC_OPTIMIZATION_LEVEL = 0;
				GCC_PREPROCESSOR_DEFINITIONS = (
					"DEBUG=1",
					"$(inherited)",
				);
				GCC_WARN_64_TO_32_BIT_CONVERSION = YES;
				GCC_WARN_ABOUT_RETURN_TYPE = YES_ERROR;
				GCC_WARN_UNDECLARED_SELECTOR = YES;
				GCC_WARN_UNINITIALIZED_AUTOS = YES_AGGRESSIVE;
				GCC_WARN_UNUSED_FUNCTION = YES;
				GCC_WARN_UNUSED_VARIABLE = YES;
				IPHONEOS_DEPLOYMENT_TARGET = 10.3;
				MTL_ENABLE_DEBUG_INFO = YES;
				ONLY_ACTIVE_ARCH = YES;
				SDKROOT = iphoneos;
				TARGETED_DEVICE_FAMILY = "1,2";
			};
			name = Debug;
		};
		86505E011E99144D0016512E /* Release */ = {
			isa = XCBuildConfiguration;
			buildSettings = {
				ALWAYS_SEARCH_USER_PATHS = NO;
				CLANG_ANALYZER_NONNULL = YES;
				CLANG_ANALYZER_NUMBER_OBJECT_CONVERSION = YES_AGGRESSIVE;
				CLANG_CXX_LANGUAGE_STANDARD = "gnu++0x";
				CLANG_CXX_LIBRARY = "libc++";
				CLANG_ENABLE_MODULES = YES;
				CLANG_ENABLE_OBJC_ARC = YES;
				CLANG_WARN_BOOL_CONVERSION = YES;
				CLANG_WARN_CONSTANT_CONVERSION = YES;
				CLANG_WARN_DIRECT_OBJC_ISA_USAGE = YES_ERROR;
				CLANG_WARN_DOCUMENTATION_COMMENTS = YES;
				CLANG_WARN_EMPTY_BODY = YES;
				CLANG_WARN_ENUM_CONVERSION = YES;
				CLANG_WARN_INFINITE_RECURSION = YES;
				CLANG_WARN_INT_CONVERSION = YES;
				CLANG_WARN_OBJC_ROOT_CLASS = YES_ERROR;
				CLANG_WARN_SUSPICIOUS_MOVE = YES;
				CLANG_WARN_UNREACHABLE_CODE = YES;
				CLANG_WARN__DUPLICATE_METHOD_MATCH = YES;
				"CODE_SIGN_IDENTITY[sdk=iphoneos*]" = "iPhone Developer";
				COPY_PHASE_STRIP = NO;
				DEBUG_INFORMATION_FORMAT = "dwarf-with-dsym";
				ENABLE_NS_ASSERTIONS = NO;
				ENABLE_STRICT_OBJC_MSGSEND = YES;
				GCC_C_LANGUAGE_STANDARD = gnu99;
				GCC_NO_COMMON_BLOCKS = YES;
				GCC_WARN_64_TO_32_BIT_CONVERSION = YES;
				GCC_WARN_ABOUT_RETURN_TYPE = YES_ERROR;
				GCC_WARN_UNDECLARED_SELECTOR = YES;
				GCC_WARN_UNINITIALIZED_AUTOS = YES_AGGRESSIVE;
				GCC_WARN_UNUSED_FUNCTION = YES;
				GCC_WARN_UNUSED_VARIABLE = YES;
				IPHONEOS_DEPLOYMENT_TARGET = 10.3;
				MTL_ENABLE_DEBUG_INFO = NO;
				SDKROOT = iphoneos;
				TARGETED_DEVICE_FAMILY = "1,2";
				VALIDATE_PRODUCT = YES;
			};
			name = Release;
		};
		86505E031E99144D0016512E /* Debug */ = {
			isa = XCBuildConfiguration;
			buildSettings = {
				ASSETCATALOG_COMPILER_APPICON_NAME = AppIcon;
				DEVELOPMENT_TEAM = 52U6XAJSSF;
				INFOPLIST_FILE = "World Wide Protest/Info.plist";
				LD_RUNPATH_SEARCH_PATHS = "$(inherited) @executable_path/Frameworks";
				PRODUCT_BUNDLE_IDENTIFIER = "io.frogg.World-Wide-Protest";
				PRODUCT_NAME = "$(TARGET_NAME)";
			};
			name = Debug;
		};
		86505E041E99144D0016512E /* Release */ = {
			isa = XCBuildConfiguration;
			buildSettings = {
				ASSETCATALOG_COMPILER_APPICON_NAME = AppIcon;
				DEVELOPMENT_TEAM = 52U6XAJSSF;
				INFOPLIST_FILE = "World Wide Protest/Info.plist";
				LD_RUNPATH_SEARCH_PATHS = "$(inherited) @executable_path/Frameworks";
				PRODUCT_BUNDLE_IDENTIFIER = "io.frogg.World-Wide-Protest";
				PRODUCT_NAME = "$(TARGET_NAME)";
			};
			name = Release;
		};
		86505E061E99144D0016512E /* Debug */ = {
			isa = XCBuildConfiguration;
			buildSettings = {
				BUNDLE_LOADER = "$(TEST_HOST)";
				DEVELOPMENT_TEAM = 52U6XAJSSF;
				INFOPLIST_FILE = "World Wide ProtestTests/Info.plist";
				LD_RUNPATH_SEARCH_PATHS = "$(inherited) @executable_path/Frameworks @loader_path/Frameworks";
				PRODUCT_BUNDLE_IDENTIFIER = "io.frogg.World-Wide-ProtestTests";
				PRODUCT_NAME = "$(TARGET_NAME)";
				TEST_HOST = "$(BUILT_PRODUCTS_DIR)/World Wide Protest.app/World Wide Protest";
			};
			name = Debug;
		};
		86505E071E99144D0016512E /* Release */ = {
			isa = XCBuildConfiguration;
			buildSettings = {
				BUNDLE_LOADER = "$(TEST_HOST)";
				DEVELOPMENT_TEAM = 52U6XAJSSF;
				INFOPLIST_FILE = "World Wide ProtestTests/Info.plist";
				LD_RUNPATH_SEARCH_PATHS = "$(inherited) @executable_path/Frameworks @loader_path/Frameworks";
				PRODUCT_BUNDLE_IDENTIFIER = "io.frogg.World-Wide-ProtestTests";
				PRODUCT_NAME = "$(TARGET_NAME)";
				TEST_HOST = "$(BUILT_PRODUCTS_DIR)/World Wide Protest.app/World Wide Protest";
			};
			name = Release;
		};
		86505E091E99144D0016512E /* Debug */ = {
			isa = XCBuildConfiguration;
			buildSettings = {
				DEVELOPMENT_TEAM = 52U6XAJSSF;
				INFOPLIST_FILE = "World Wide ProtestUITests/Info.plist";
				LD_RUNPATH_SEARCH_PATHS = "$(inherited) @executable_path/Frameworks @loader_path/Frameworks";
				PRODUCT_BUNDLE_IDENTIFIER = "io.frogg.World-Wide-ProtestUITests";
				PRODUCT_NAME = "$(TARGET_NAME)";
				TEST_TARGET_NAME = "World Wide Protest";
			};
			name = Debug;
		};
		86505E0A1E99144D0016512E /* Release */ = {
			isa = XCBuildConfiguration;
			buildSettings = {
				DEVELOPMENT_TEAM = 52U6XAJSSF;
				INFOPLIST_FILE = "World Wide ProtestUITests/Info.plist";
				LD_RUNPATH_SEARCH_PATHS = "$(inherited) @executable_path/Frameworks @loader_path/Frameworks";
				PRODUCT_BUNDLE_IDENTIFIER = "io.frogg.World-Wide-ProtestUITests";
				PRODUCT_NAME = "$(TARGET_NAME)";
				TEST_TARGET_NAME = "World Wide Protest";
			};
			name = Release;
		};
/* End XCBuildConfiguration section */

/* Begin XCConfigurationList section */
		86505DCD1E99144D0016512E /* Build configuration list for PBXProject "World Wide Protest" */ = {
			isa = XCConfigurationList;
			buildConfigurations = (
				86505E001E99144D0016512E /* Debug */,
				86505E011E99144D0016512E /* Release */,
			);
			defaultConfigurationIsVisible = 0;
			defaultConfigurationName = Release;
		};
		86505E021E99144D0016512E /* Build configuration list for PBXNativeTarget "World Wide Protest" */ = {
			isa = XCConfigurationList;
			buildConfigurations = (
				86505E031E99144D0016512E /* Debug */,
				86505E041E99144D0016512E /* Release */,
			);
			defaultConfigurationIsVisible = 0;
		};
		86505E051E99144D0016512E /* Build configuration list for PBXNativeTarget "World Wide ProtestTests" */ = {
			isa = XCConfigurationList;
			buildConfigurations = (
				86505E061E99144D0016512E /* Debug */,
				86505E071E99144D0016512E /* Release */,
			);
			defaultConfigurationIsVisible = 0;
		};
		86505E081E99144D0016512E /* Build configuration list for PBXNativeTarget "World Wide ProtestUITests" */ = {
			isa = XCConfigurationList;
			buildConfigurations = (
				86505E091E99144D0016512E /* Debug */,
				86505E0A1E99144D0016512E /* Release */,
			);
			defaultConfigurationIsVisible = 0;
		};
/* End XCConfigurationList section */
	};
	rootObject = 86505DCA1E99144D0016512E /* Project object */;
}
