// !$*UTF8*$!
{
	archiveVersion = 1;
	classes = {
	};
	objectVersion = 46;
	objects = {

/* Begin PBXBuildFile section */
		864CB8D21E9A12C100586212 /* TabbarController.m in Sources */ = {isa = PBXBuildFile; fileRef = 864CB8D11E9A12C100586212 /* TabbarController.m */; };
		864CB8D61E9A225200586212 /* EventDetailViewController.m in Sources */ = {isa = PBXBuildFile; fileRef = 864CB8D41E9A225200586212 /* EventDetailViewController.m */; };
		864CB8D71E9A225200586212 /* EventDetailViewController.xib in Resources */ = {isa = PBXBuildFile; fileRef = 864CB8D51E9A225200586212 /* EventDetailViewController.xib */; };
		86505DD71E99144D0016512E /* main.m in Sources */ = {isa = PBXBuildFile; fileRef = 86505DD61E99144D0016512E /* main.m */; };
		86505DDA1E99144D0016512E /* AppDelegate.m in Sources */ = {isa = PBXBuildFile; fileRef = 86505DD91E99144D0016512E /* AppDelegate.m */; };
		86505DDD1E99144D0016512E /* FirstViewController.m in Sources */ = {isa = PBXBuildFile; fileRef = 86505DDC1E99144D0016512E /* FirstViewController.m */; };
		86505DE01E99144D0016512E /* SecondViewController.m in Sources */ = {isa = PBXBuildFile; fileRef = 86505DDF1E99144D0016512E /* SecondViewController.m */; };
		86505DE31E99144D0016512E /* Main.storyboard in Resources */ = {isa = PBXBuildFile; fileRef = 86505DE11E99144D0016512E /* Main.storyboard */; };
		86505DE51E99144D0016512E /* Assets.xcassets in Resources */ = {isa = PBXBuildFile; fileRef = 86505DE41E99144D0016512E /* Assets.xcassets */; };
		86505DE81E99144D0016512E /* LaunchScreen.storyboard in Resources */ = {isa = PBXBuildFile; fileRef = 86505DE61E99144D0016512E /* LaunchScreen.storyboard */; };
		86505DF31E99144D0016512E /* World_Wide_ProtestTests.m in Sources */ = {isa = PBXBuildFile; fileRef = 86505DF21E99144D0016512E /* World_Wide_ProtestTests.m */; };
		86505DFE1E99144D0016512E /* World_Wide_ProtestUITests.m in Sources */ = {isa = PBXBuildFile; fileRef = 86505DFD1E99144D0016512E /* World_Wide_ProtestUITests.m */; };
		8662B91A1E99A6530072A634 /* DemoAnnotation.m in Sources */ = {isa = PBXBuildFile; fileRef = 8662B9191E99A6530072A634 /* DemoAnnotation.m */; };
		8662B91D1E99B0780072A634 /* UIColor+ProtestColor.m in Sources */ = {isa = PBXBuildFile; fileRef = 8662B91C1E99B0780072A634 /* UIColor+ProtestColor.m */; };
		8662B9201E99D1150072A634 /* CreateNewEventViewController.m in Sources */ = {isa = PBXBuildFile; fileRef = 8662B91F1E99D1150072A634 /* CreateNewEventViewController.m */; };
		8662B9231E99D1250072A634 /* LoginViewController.m in Sources */ = {isa = PBXBuildFile; fileRef = 8662B9221E99D1250072A634 /* LoginViewController.m */; };
		868C7CC31E991D4600579ACE /* GoogleService-Info.plist in Resources */ = {isa = PBXBuildFile; fileRef = 868C7CC21E991D4600579ACE /* GoogleService-Info.plist */; };
		868C7CC51E9942A900579ACE /* MapKit.framework in Frameworks */ = {isa = PBXBuildFile; fileRef = 868C7CC41E9942A900579ACE /* MapKit.framework */; };
		AD2ADEB72B8368D68AEA40A9 /* libPods-World Wide ProtestUITests.a in Frameworks */ = {isa = PBXBuildFile; fileRef = BCE7D7B33015F7AA5258C739 /* libPods-World Wide ProtestUITests.a */; };
		C273DF7625B07175F890A629 /* libPods-World Wide Protest.a in Frameworks */ = {isa = PBXBuildFile; fileRef = FF7AD92ADAD4912ACAEDD4DE /* libPods-World Wide Protest.a */; };
		F2E24A87B75EF9F49803F3CE /* libPods-World Wide ProtestTests.a in Frameworks */ = {isa = PBXBuildFile; fileRef = 82DAD239282137855BF2D1F6 /* libPods-World Wide ProtestTests.a */; };
/* End PBXBuildFile section */

/* Begin PBXContainerItemProxy section */
		86505DEF1E99144D0016512E /* PBXContainerItemProxy */ = {
			isa = PBXContainerItemProxy;
			containerPortal = 86505DCA1E99144D0016512E /* Project object */;
			proxyType = 1;
			remoteGlobalIDString = 86505DD11E99144D0016512E;
			remoteInfo = "World Wide Protest";
		};
		86505DFA1E99144D0016512E /* PBXContainerItemProxy */ = {
			isa = PBXContainerItemProxy;
			containerPortal = 86505DCA1E99144D0016512E /* Project object */;
			proxyType = 1;
			remoteGlobalIDString = 86505DD11E99144D0016512E;
			remoteInfo = "World Wide Protest";
		};
/* End PBXContainerItemProxy section */

/* Begin PBXFileReference section */
		096CDC1D7E709F165CEB750C /* Pods-World Wide ProtestTests.debug.xcconfig */ = {isa = PBXFileReference; includeInIndex = 1; lastKnownFileType = text.xcconfig; name = "Pods-World Wide ProtestTests.debug.xcconfig"; path = "Pods/Target Support Files/Pods-World Wide ProtestTests/Pods-World Wide ProtestTests.debug.xcconfig"; sourceTree = "<group>"; };
		4CC2A4B6D6FCD6A8C946E1FC /* Pods-World Wide ProtestTests.release.xcconfig */ = {isa = PBXFileReference; includeInIndex = 1; lastKnownFileType = text.xcconfig; name = "Pods-World Wide ProtestTests.release.xcconfig"; path = "Pods/Target Support Files/Pods-World Wide ProtestTests/Pods-World Wide ProtestTests.release.xcconfig"; sourceTree = "<group>"; };
		4F1B5C7540B0B22556495C07 /* Pods-World Wide Protest.release.xcconfig */ = {isa = PBXFileReference; includeInIndex = 1; lastKnownFileType = text.xcconfig; name = "Pods-World Wide Protest.release.xcconfig"; path = "Pods/Target Support Files/Pods-World Wide Protest/Pods-World Wide Protest.release.xcconfig"; sourceTree = "<group>"; };
		6303838C6F5166EC6829D0D2 /* Pods-World Wide Protest.debug.xcconfig */ = {isa = PBXFileReference; includeInIndex = 1; lastKnownFileType = text.xcconfig; name = "Pods-World Wide Protest.debug.xcconfig"; path = "Pods/Target Support Files/Pods-World Wide Protest/Pods-World Wide Protest.debug.xcconfig"; sourceTree = "<group>"; };
		82DAD239282137855BF2D1F6 /* libPods-World Wide ProtestTests.a */ = {isa = PBXFileReference; explicitFileType = archive.ar; includeInIndex = 0; path = "libPods-World Wide ProtestTests.a"; sourceTree = BUILT_PRODUCTS_DIR; };
		864CB8D01E9A12C100586212 /* TabbarController.h */ = {isa = PBXFileReference; fileEncoding = 4; lastKnownFileType = sourcecode.c.h; path = TabbarController.h; sourceTree = "<group>"; };
		864CB8D11E9A12C100586212 /* TabbarController.m */ = {isa = PBXFileReference; fileEncoding = 4; lastKnownFileType = sourcecode.c.objc; path = TabbarController.m; sourceTree = "<group>"; };
		864CB8D31E9A225200586212 /* EventDetailViewController.h */ = {isa = PBXFileReference; fileEncoding = 4; lastKnownFileType = sourcecode.c.h; path = EventDetailViewController.h; sourceTree = "<group>"; };
		864CB8D41E9A225200586212 /* EventDetailViewController.m */ = {isa = PBXFileReference; fileEncoding = 4; lastKnownFileType = sourcecode.c.objc; path = EventDetailViewController.m; sourceTree = "<group>"; };
		864CB8D51E9A225200586212 /* EventDetailViewController.xib */ = {isa = PBXFileReference; fileEncoding = 4; lastKnownFileType = file.xib; path = EventDetailViewController.xib; sourceTree = "<group>"; };
		86505DD21E99144D0016512E /* World Wide Protest.app */ = {isa = PBXFileReference; explicitFileType = wrapper.application; includeInIndex = 0; path = "World Wide Protest.app"; sourceTree = BUILT_PRODUCTS_DIR; };
		86505DD61E99144D0016512E /* main.m */ = {isa = PBXFileReference; lastKnownFileType = sourcecode.c.objc; path = main.m; sourceTree = "<group>"; };
		86505DD81E99144D0016512E /* AppDelegate.h */ = {isa = PBXFileReference; lastKnownFileType = sourcecode.c.h; path = AppDelegate.h; sourceTree = "<group>"; };
		86505DD91E99144D0016512E /* AppDelegate.m */ = {isa = PBXFileReference; lastKnownFileType = sourcecode.c.objc; path = AppDelegate.m; sourceTree = "<group>"; };
		86505DDB1E99144D0016512E /* FirstViewController.h */ = {isa = PBXFileReference; lastKnownFileType = sourcecode.c.h; path = FirstViewController.h; sourceTree = "<group>"; };
		86505DDC1E99144D0016512E /* FirstViewController.m */ = {isa = PBXFileReference; lastKnownFileType = sourcecode.c.objc; path = FirstViewController.m; sourceTree = "<group>"; };
		86505DDE1E99144D0016512E /* SecondViewController.h */ = {isa = PBXFileReference; lastKnownFileType = sourcecode.c.h; path = SecondViewController.h; sourceTree = "<group>"; };
		86505DDF1E99144D0016512E /* SecondViewController.m */ = {isa = PBXFileReference; lastKnownFileType = sourcecode.c.objc; path = SecondViewController.m; sourceTree = "<group>"; };
		86505DE21E99144D0016512E /* Base */ = {isa = PBXFileReference; lastKnownFileType = file.storyboard; name = Base; path = Base.lproj/Main.storyboard; sourceTree = "<group>"; };
		86505DE41E99144D0016512E /* Assets.xcassets */ = {isa = PBXFileReference; lastKnownFileType = folder.assetcatalog; path = Assets.xcassets; sourceTree = "<group>"; };
		86505DE71E99144D0016512E /* Base */ = {isa = PBXFileReference; lastKnownFileType = file.storyboard; name = Base; path = Base.lproj/LaunchScreen.storyboard; sourceTree = "<group>"; };
		86505DE91E99144D0016512E /* Info.plist */ = {isa = PBXFileReference; lastKnownFileType = text.plist.xml; path = Info.plist; sourceTree = "<group>"; };
		86505DEE1E99144D0016512E /* World Wide ProtestTests.xctest */ = {isa = PBXFileReference; explicitFileType = wrapper.cfbundle; includeInIndex = 0; path = "World Wide ProtestTests.xctest"; sourceTree = BUILT_PRODUCTS_DIR; };
		86505DF21E99144D0016512E /* World_Wide_ProtestTests.m */ = {isa = PBXFileReference; lastKnownFileType = sourcecode.c.objc; path = World_Wide_ProtestTests.m; sourceTree = "<group>"; };
		86505DF41E99144D0016512E /* Info.plist */ = {isa = PBXFileReference; lastKnownFileType = text.plist.xml; path = Info.plist; sourceTree = "<group>"; };
		86505DF91E99144D0016512E /* World Wide ProtestUITests.xctest */ = {isa = PBXFileReference; explicitFileType = wrapper.cfbundle; includeInIndex = 0; path = "World Wide ProtestUITests.xctest"; sourceTree = BUILT_PRODUCTS_DIR; };
		86505DFD1E99144D0016512E /* World_Wide_ProtestUITests.m */ = {isa = PBXFileReference; lastKnownFileType = sourcecode.c.objc; path = World_Wide_ProtestUITests.m; sourceTree = "<group>"; };
		86505DFF1E99144D0016512E /* Info.plist */ = {isa = PBXFileReference; lastKnownFileType = text.plist.xml; path = Info.plist; sourceTree = "<group>"; };
		86505E0B1E9914D60016512E /* World Wide Protest.entitlements */ = {isa = PBXFileReference; lastKnownFileType = text.plist.entitlements; path = "World Wide Protest.entitlements"; sourceTree = "<group>"; };
		8662B9181E99A6530072A634 /* DemoAnnotation.h */ = {isa = PBXFileReference; fileEncoding = 4; lastKnownFileType = sourcecode.c.h; path = DemoAnnotation.h; sourceTree = "<group>"; };
		8662B9191E99A6530072A634 /* DemoAnnotation.m */ = {isa = PBXFileReference; fileEncoding = 4; lastKnownFileType = sourcecode.c.objc; path = DemoAnnotation.m; sourceTree = "<group>"; };
		8662B91B1E99B0780072A634 /* UIColor+ProtestColor.h */ = {isa = PBXFileReference; fileEncoding = 4; lastKnownFileType = sourcecode.c.h; path = "UIColor+ProtestColor.h"; sourceTree = "<group>"; };
		8662B91C1E99B0780072A634 /* UIColor+ProtestColor.m */ = {isa = PBXFileReference; fileEncoding = 4; lastKnownFileType = sourcecode.c.objc; path = "UIColor+ProtestColor.m"; sourceTree = "<group>"; };
		8662B91E1E99D1150072A634 /* CreateNewEventViewController.h */ = {isa = PBXFileReference; fileEncoding = 4; lastKnownFileType = sourcecode.c.h; path = CreateNewEventViewController.h; sourceTree = "<group>"; };
		8662B91F1E99D1150072A634 /* CreateNewEventViewController.m */ = {isa = PBXFileReference; fileEncoding = 4; lastKnownFileType = sourcecode.c.objc; path = CreateNewEventViewController.m; sourceTree = "<group>"; };
		8662B9211E99D1250072A634 /* LoginViewController.h */ = {isa = PBXFileReference; fileEncoding = 4; lastKnownFileType = sourcecode.c.h; path = LoginViewController.h; sourceTree = "<group>"; };
		8662B9221E99D1250072A634 /* LoginViewController.m */ = {isa = PBXFileReference; fileEncoding = 4; lastKnownFileType = sourcecode.c.objc; path = LoginViewController.m; sourceTree = "<group>"; };
		8662B9241E99D33B0072A634 /* Bolts.framework */ = {isa = PBXFileReference; lastKnownFileType = wrapper.framework; name = Bolts.framework; path = "../../Documents/FacebookSDKs-iOS/Bolts.framework"; sourceTree = "<group>"; };
		8662B9261E99D3470072A634 /* FBSDKCoreKit.framework */ = {isa = PBXFileReference; lastKnownFileType = wrapper.framework; name = FBSDKCoreKit.framework; path = "../../Documents/FacebookSDKs-iOS/FBSDKCoreKit.framework"; sourceTree = "<group>"; };
		8662B9281E99D3520072A634 /* FBSDKLoginKit.framework */ = {isa = PBXFileReference; lastKnownFileType = wrapper.framework; name = FBSDKLoginKit.framework; path = "../../Documents/FacebookSDKs-iOS/FBSDKLoginKit.framework"; sourceTree = "<group>"; };
		8662B92A1E99D35B0072A634 /* FBSDKShareKit.framework */ = {isa = PBXFileReference; lastKnownFileType = wrapper.framework; name = FBSDKShareKit.framework; path = "../../Documents/FacebookSDKs-iOS/FBSDKShareKit.framework"; sourceTree = "<group>"; };
		868C7CC21E991D4600579ACE /* GoogleService-Info.plist */ = {isa = PBXFileReference; fileEncoding = 4; lastKnownFileType = text.plist.xml; path = "GoogleService-Info.plist"; sourceTree = "<group>"; };
		868C7CC41E9942A900579ACE /* MapKit.framework */ = {isa = PBXFileReference; lastKnownFileType = wrapper.framework; name = MapKit.framework; path = System/Library/Frameworks/MapKit.framework; sourceTree = SDKROOT; };
		AF8A40FACA915B4D79BE9590 /* Pods-World Wide ProtestUITests.debug.xcconfig */ = {isa = PBXFileReference; includeInIndex = 1; lastKnownFileType = text.xcconfig; name = "Pods-World Wide ProtestUITests.debug.xcconfig"; path = "Pods/Target Support Files/Pods-World Wide ProtestUITests/Pods-World Wide ProtestUITests.debug.xcconfig"; sourceTree = "<group>"; };
		BA9165EC2BE1FDED76CFC6F1 /* Pods-World Wide ProtestUITests.release.xcconfig */ = {isa = PBXFileReference; includeInIndex = 1; lastKnownFileType = text.xcconfig; name = "Pods-World Wide ProtestUITests.release.xcconfig"; path = "Pods/Target Support Files/Pods-World Wide ProtestUITests/Pods-World Wide ProtestUITests.release.xcconfig"; sourceTree = "<group>"; };
		BCE7D7B33015F7AA5258C739 /* libPods-World Wide ProtestUITests.a */ = {isa = PBXFileReference; explicitFileType = archive.ar; includeInIndex = 0; path = "libPods-World Wide ProtestUITests.a"; sourceTree = BUILT_PRODUCTS_DIR; };
		FF7AD92ADAD4912ACAEDD4DE /* libPods-World Wide Protest.a */ = {isa = PBXFileReference; explicitFileType = archive.ar; includeInIndex = 0; path = "libPods-World Wide Protest.a"; sourceTree = BUILT_PRODUCTS_DIR; };
/* End PBXFileReference section */

/* Begin PBXFrameworksBuildPhase section */
		86505DCF1E99144D0016512E /* Frameworks */ = {
			isa = PBXFrameworksBuildPhase;
			buildActionMask = 2147483647;
			files = (
				868C7CC51E9942A900579ACE /* MapKit.framework in Frameworks */,
				C273DF7625B07175F890A629 /* libPods-World Wide Protest.a in Frameworks */,
			);
			runOnlyForDeploymentPostprocessing = 0;
		};
		86505DEB1E99144D0016512E /* Frameworks */ = {
			isa = PBXFrameworksBuildPhase;
			buildActionMask = 2147483647;
			files = (
				F2E24A87B75EF9F49803F3CE /* libPods-World Wide ProtestTests.a in Frameworks */,
			);
			runOnlyForDeploymentPostprocessing = 0;
		};
		86505DF61E99144D0016512E /* Frameworks */ = {
			isa = PBXFrameworksBuildPhase;
			buildActionMask = 2147483647;
			files = (
				AD2ADEB72B8368D68AEA40A9 /* libPods-World Wide ProtestUITests.a in Frameworks */,
			);
			runOnlyForDeploymentPostprocessing = 0;
		};
/* End PBXFrameworksBuildPhase section */

/* Begin PBXGroup section */
		637B97E7AE3C9BBFC3AB824F /* Frameworks */ = {
			isa = PBXGroup;
			children = (
				8662B92A1E99D35B0072A634 /* FBSDKShareKit.framework */,
				8662B9281E99D3520072A634 /* FBSDKLoginKit.framework */,
				8662B9261E99D3470072A634 /* FBSDKCoreKit.framework */,
				8662B9241E99D33B0072A634 /* Bolts.framework */,
				868C7CC41E9942A900579ACE /* MapKit.framework */,
				FF7AD92ADAD4912ACAEDD4DE /* libPods-World Wide Protest.a */,
				82DAD239282137855BF2D1F6 /* libPods-World Wide ProtestTests.a */,
				BCE7D7B33015F7AA5258C739 /* libPods-World Wide ProtestUITests.a */,
			);
			name = Frameworks;
			sourceTree = "<group>";
		};
		8139FF2C7D880B3725A2ADF5 /* Pods */ = {
			isa = PBXGroup;
			children = (
				6303838C6F5166EC6829D0D2 /* Pods-World Wide Protest.debug.xcconfig */,
				4F1B5C7540B0B22556495C07 /* Pods-World Wide Protest.release.xcconfig */,
				096CDC1D7E709F165CEB750C /* Pods-World Wide ProtestTests.debug.xcconfig */,
				4CC2A4B6D6FCD6A8C946E1FC /* Pods-World Wide ProtestTests.release.xcconfig */,
				AF8A40FACA915B4D79BE9590 /* Pods-World Wide ProtestUITests.debug.xcconfig */,
				BA9165EC2BE1FDED76CFC6F1 /* Pods-World Wide ProtestUITests.release.xcconfig */,
			);
			name = Pods;
			sourceTree = "<group>";
		};
		86505DC91E99144D0016512E = {
			isa = PBXGroup;
			children = (
				86505DD41E99144D0016512E /* World Wide Protest */,
				86505DF11E99144D0016512E /* World Wide ProtestTests */,
				86505DFC1E99144D0016512E /* World Wide ProtestUITests */,
				86505DD31E99144D0016512E /* Products */,
				8139FF2C7D880B3725A2ADF5 /* Pods */,
				637B97E7AE3C9BBFC3AB824F /* Frameworks */,
			);
			sourceTree = "<group>";
		};
		86505DD31E99144D0016512E /* Products */ = {
			isa = PBXGroup;
			children = (
				86505DD21E99144D0016512E /* World Wide Protest.app */,
				86505DEE1E99144D0016512E /* World Wide ProtestTests.xctest */,
				86505DF91E99144D0016512E /* World Wide ProtestUITests.xctest */,
			);
			name = Products;
			sourceTree = "<group>";
		};
		86505DD41E99144D0016512E /* World Wide Protest */ = {
			isa = PBXGroup;
			children = (
				86505E0B1E9914D60016512E /* World Wide Protest.entitlements */,
				86505DD81E99144D0016512E /* AppDelegate.h */,
				86505DD91E99144D0016512E /* AppDelegate.m */,
				8662B91B1E99B0780072A634 /* UIColor+ProtestColor.h */,
				8662B91C1E99B0780072A634 /* UIColor+ProtestColor.m */,
				86505DDB1E99144D0016512E /* FirstViewController.h */,
				86505DDC1E99144D0016512E /* FirstViewController.m */,
				86505DDE1E99144D0016512E /* SecondViewController.h */,
				86505DDF1E99144D0016512E /* SecondViewController.m */,
				864CB8D31E9A225200586212 /* EventDetailViewController.h */,
				864CB8D41E9A225200586212 /* EventDetailViewController.m */,
				864CB8D51E9A225200586212 /* EventDetailViewController.xib */,
				8662B9181E99A6530072A634 /* DemoAnnotation.h */,
				8662B9191E99A6530072A634 /* DemoAnnotation.m */,
				8662B91E1E99D1150072A634 /* CreateNewEventViewController.h */,
				8662B91F1E99D1150072A634 /* CreateNewEventViewController.m */,
				8662B9211E99D1250072A634 /* LoginViewController.h */,
				8662B9221E99D1250072A634 /* LoginViewController.m */,
				864CB8D01E9A12C100586212 /* TabbarController.h */,
				864CB8D11E9A12C100586212 /* TabbarController.m */,
				86505DE11E99144D0016512E /* Main.storyboard */,
				86505DE41E99144D0016512E /* Assets.xcassets */,
				86505DE61E99144D0016512E /* LaunchScreen.storyboard */,
				86505DE91E99144D0016512E /* Info.plist */,
				868C7CC21E991D4600579ACE /* GoogleService-Info.plist */,
				86505DD51E99144D0016512E /* Supporting Files */,
			);
			path = "World Wide Protest";
			sourceTree = "<group>";
		};
		86505DD51E99144D0016512E /* Supporting Files */ = {
			isa = PBXGroup;
			children = (
				86505DD61E99144D0016512E /* main.m */,
			);
			name = "Supporting Files";
			sourceTree = "<group>";
		};
		86505DF11E99144D0016512E /* World Wide ProtestTests */ = {
			isa = PBXGroup;
			children = (
				86505DF21E99144D0016512E /* World_Wide_ProtestTests.m */,
				86505DF41E99144D0016512E /* Info.plist */,
			);
			path = "World Wide ProtestTests";
			sourceTree = "<group>";
		};
		86505DFC1E99144D0016512E /* World Wide ProtestUITests */ = {
			isa = PBXGroup;
			children = (
				86505DFD1E99144D0016512E /* World_Wide_ProtestUITests.m */,
				86505DFF1E99144D0016512E /* Info.plist */,
			);
			path = "World Wide ProtestUITests";
			sourceTree = "<group>";
		};
/* End PBXGroup section */

/* Begin PBXNativeTarget section */
		86505DD11E99144D0016512E /* World Wide Protest */ = {
			isa = PBXNativeTarget;
			buildConfigurationList = 86505E021E99144D0016512E /* Build configuration list for PBXNativeTarget "World Wide Protest" */;
			buildPhases = (
				20EBAA1845FAC064657F0897 /* [CP] Check Pods Manifest.lock */,
				86505DCE1E99144D0016512E /* Sources */,
				86505DCF1E99144D0016512E /* Frameworks */,
				86505DD01E99144D0016512E /* Resources */,
				6066F6BADC287DD4E158E8F3 /* [CP] Embed Pods Frameworks */,
				022ADE9F12F788416493E558 /* [CP] Copy Pods Resources */,
			);
			buildRules = (
			);
			dependencies = (
			);
			name = "World Wide Protest";
			productName = "World Wide Protest";
			productReference = 86505DD21E99144D0016512E /* World Wide Protest.app */;
			productType = "com.apple.product-type.application";
		};
		86505DED1E99144D0016512E /* World Wide ProtestTests */ = {
			isa = PBXNativeTarget;
			buildConfigurationList = 86505E051E99144D0016512E /* Build configuration list for PBXNativeTarget "World Wide ProtestTests" */;
			buildPhases = (
				B1BE5755D6CA757A4BFEB0D0 /* [CP] Check Pods Manifest.lock */,
				86505DEA1E99144D0016512E /* Sources */,
				86505DEB1E99144D0016512E /* Frameworks */,
				86505DEC1E99144D0016512E /* Resources */,
				E087AD1B19659F5C42351DB0 /* [CP] Embed Pods Frameworks */,
				9FAA6F2026D55EE4E5C661BD /* [CP] Copy Pods Resources */,
			);
			buildRules = (
			);
			dependencies = (
				86505DF01E99144D0016512E /* PBXTargetDependency */,
			);
			name = "World Wide ProtestTests";
			productName = "World Wide ProtestTests";
			productReference = 86505DEE1E99144D0016512E /* World Wide ProtestTests.xctest */;
			productType = "com.apple.product-type.bundle.unit-test";
		};
		86505DF81E99144D0016512E /* World Wide ProtestUITests */ = {
			isa = PBXNativeTarget;
			buildConfigurationList = 86505E081E99144D0016512E /* Build configuration list for PBXNativeTarget "World Wide ProtestUITests" */;
			buildPhases = (
				4FB012477A2A7173F5DB8EB5 /* [CP] Check Pods Manifest.lock */,
				86505DF51E99144D0016512E /* Sources */,
				86505DF61E99144D0016512E /* Frameworks */,
				86505DF71E99144D0016512E /* Resources */,
				8A8A0BC56644AFD05379C016 /* [CP] Embed Pods Frameworks */,
				7D56A7BE1E405EE7C1FB9218 /* [CP] Copy Pods Resources */,
			);
			buildRules = (
			);
			dependencies = (
				86505DFB1E99144D0016512E /* PBXTargetDependency */,
			);
			name = "World Wide ProtestUITests";
			productName = "World Wide ProtestUITests";
			productReference = 86505DF91E99144D0016512E /* World Wide ProtestUITests.xctest */;
			productType = "com.apple.product-type.bundle.ui-testing";
		};
/* End PBXNativeTarget section */

/* Begin PBXProject section */
		86505DCA1E99144D0016512E /* Project object */ = {
			isa = PBXProject;
			attributes = {
				LastUpgradeCheck = 0830;
				ORGANIZATIONNAME = "Frederik Riedel";
				TargetAttributes = {
					86505DD11E99144D0016512E = {
						CreatedOnToolsVersion = 8.3;
						DevelopmentTeam = 52U6XAJSSF;
						ProvisioningStyle = Automatic;
						SystemCapabilities = {
							com.apple.Maps.iOS = {
								enabled = 1;
							};
							com.apple.Push = {
								enabled = 1;
							};
						};
					};
					86505DED1E99144D0016512E = {
						CreatedOnToolsVersion = 8.3;
						DevelopmentTeam = 52U6XAJSSF;
						ProvisioningStyle = Automatic;
						TestTargetID = 86505DD11E99144D0016512E;
					};
					86505DF81E99144D0016512E = {
						CreatedOnToolsVersion = 8.3;
						DevelopmentTeam = 52U6XAJSSF;
						ProvisioningStyle = Automatic;
						TestTargetID = 86505DD11E99144D0016512E;
					};
				};
			};
			buildConfigurationList = 86505DCD1E99144D0016512E /* Build configuration list for PBXProject "World Wide Protest" */;
			compatibilityVersion = "Xcode 3.2";
			developmentRegion = English;
			hasScannedForEncodings = 0;
			knownRegions = (
				en,
				Base,
			);
			mainGroup = 86505DC91E99144D0016512E;
			productRefGroup = 86505DD31E99144D0016512E /* Products */;
			projectDirPath = "";
			projectRoot = "";
			targets = (
				86505DD11E99144D0016512E /* World Wide Protest */,
				86505DED1E99144D0016512E /* World Wide ProtestTests */,
				86505DF81E99144D0016512E /* World Wide ProtestUITests */,
			);
		};
/* End PBXProject section */

/* Begin PBXResourcesBuildPhase section */
		86505DD01E99144D0016512E /* Resources */ = {
			isa = PBXResourcesBuildPhase;
			buildActionMask = 2147483647;
			files = (
				864CB8D71E9A225200586212 /* EventDetailViewController.xib in Resources */,
				86505DE81E99144D0016512E /* LaunchScreen.storyboard in Resources */,
				86505DE51E99144D0016512E /* Assets.xcassets in Resources */,
				86505DE31E99144D0016512E /* Main.storyboard in Resources */,
				868C7CC31E991D4600579ACE /* GoogleService-Info.plist in Resources */,
			);
			runOnlyForDeploymentPostprocessing = 0;
		};
		86505DEC1E99144D0016512E /* Resources */ = {
			isa = PBXResourcesBuildPhase;
			buildActionMask = 2147483647;
			files = (
			);
			runOnlyForDeploymentPostprocessing = 0;
		};
		86505DF71E99144D0016512E /* Resources */ = {
			isa = PBXResourcesBuildPhase;
			buildActionMask = 2147483647;
			files = (
			);
			runOnlyForDeploymentPostprocessing = 0;
		};
/* End PBXResourcesBuildPhase section */

/* Begin PBXShellScriptBuildPhase section */
		022ADE9F12F788416493E558 /* [CP] Copy Pods Resources */ = {
			isa = PBXShellScriptBuildPhase;
			buildActionMask = 2147483647;
			files = (
			);
			inputPaths = (
			);
			name = "[CP] Copy Pods Resources";
			outputPaths = (
			);
			runOnlyForDeploymentPostprocessing = 0;
			shellPath = /bin/sh;
			shellScript = "\"${SRCROOT}/Pods/Target Support Files/Pods-World Wide Protest/Pods-World Wide Protest-resources.sh\"\n";
			showEnvVarsInLog = 0;
		};
		20EBAA1845FAC064657F0897 /* [CP] Check Pods Manifest.lock */ = {
			isa = PBXShellScriptBuildPhase;
			buildActionMask = 2147483647;
			files = (
			);
			inputPaths = (
			);
			name = "[CP] Check Pods Manifest.lock";
			outputPaths = (
			);
			runOnlyForDeploymentPostprocessing = 0;
			shellPath = /bin/sh;
			shellScript = "diff \"${PODS_ROOT}/../Podfile.lock\" \"${PODS_ROOT}/Manifest.lock\" > /dev/null\nif [ $? != 0 ] ; then\n    # print error to STDERR\n    echo \"error: The sandbox is not in sync with the Podfile.lock. Run 'pod install' or update your CocoaPods installation.\" >&2\n    exit 1\nfi\n";
			showEnvVarsInLog = 0;
		};
		4FB012477A2A7173F5DB8EB5 /* [CP] Check Pods Manifest.lock */ = {
			isa = PBXShellScriptBuildPhase;
			buildActionMask = 2147483647;
			files = (
			);
			inputPaths = (
			);
			name = "[CP] Check Pods Manifest.lock";
			outputPaths = (
			);
			runOnlyForDeploymentPostprocessing = 0;
			shellPath = /bin/sh;
			shellScript = "diff \"${PODS_ROOT}/../Podfile.lock\" \"${PODS_ROOT}/Manifest.lock\" > /dev/null\nif [ $? != 0 ] ; then\n    # print error to STDERR\n    echo \"error: The sandbox is not in sync with the Podfile.lock. Run 'pod install' or update your CocoaPods installation.\" >&2\n    exit 1\nfi\n";
			showEnvVarsInLog = 0;
		};
		6066F6BADC287DD4E158E8F3 /* [CP] Embed Pods Frameworks */ = {
			isa = PBXShellScriptBuildPhase;
			buildActionMask = 2147483647;
			files = (
			);
			inputPaths = (
			);
			name = "[CP] Embed Pods Frameworks";
			outputPaths = (
			);
			runOnlyForDeploymentPostprocessing = 0;
			shellPath = /bin/sh;
			shellScript = "\"${SRCROOT}/Pods/Target Support Files/Pods-World Wide Protest/Pods-World Wide Protest-frameworks.sh\"\n";
			showEnvVarsInLog = 0;
		};
		7D56A7BE1E405EE7C1FB9218 /* [CP] Copy Pods Resources */ = {
			isa = PBXShellScriptBuildPhase;
			buildActionMask = 2147483647;
			files = (
			);
			inputPaths = (
			);
			name = "[CP] Copy Pods Resources";
			outputPaths = (
			);
			runOnlyForDeploymentPostprocessing = 0;
			shellPath = /bin/sh;
			shellScript = "\"${SRCROOT}/Pods/Target Support Files/Pods-World Wide ProtestUITests/Pods-World Wide ProtestUITests-resources.sh\"\n";
			showEnvVarsInLog = 0;
		};
		8A8A0BC56644AFD05379C016 /* [CP] Embed Pods Frameworks */ = {
			isa = PBXShellScriptBuildPhase;
			buildActionMask = 2147483647;
			files = (
			);
			inputPaths = (
			);
			name = "[CP] Embed Pods Frameworks";
			outputPaths = (
			);
			runOnlyForDeploymentPostprocessing = 0;
			shellPath = /bin/sh;
			shellScript = "\"${SRCROOT}/Pods/Target Support Files/Pods-World Wide ProtestUITests/Pods-World Wide ProtestUITests-frameworks.sh\"\n";
			showEnvVarsInLog = 0;
		};
		9FAA6F2026D55EE4E5C661BD /* [CP] Copy Pods Resources */ = {
			isa = PBXShellScriptBuildPhase;
			buildActionMask = 2147483647;
			files = (
			);
			inputPaths = (
			);
			name = "[CP] Copy Pods Resources";
			outputPaths = (
			);
			runOnlyForDeploymentPostprocessing = 0;
			shellPath = /bin/sh;
			shellScript = "\"${SRCROOT}/Pods/Target Support Files/Pods-World Wide ProtestTests/Pods-World Wide ProtestTests-resources.sh\"\n";
			showEnvVarsInLog = 0;
		};
		B1BE5755D6CA757A4BFEB0D0 /* [CP] Check Pods Manifest.lock */ = {
			isa = PBXShellScriptBuildPhase;
			buildActionMask = 2147483647;
			files = (
			);
			inputPaths = (
			);
			name = "[CP] Check Pods Manifest.lock";
			outputPaths = (
			);
			runOnlyForDeploymentPostprocessing = 0;
			shellPath = /bin/sh;
			shellScript = "diff \"${PODS_ROOT}/../Podfile.lock\" \"${PODS_ROOT}/Manifest.lock\" > /dev/null\nif [ $? != 0 ] ; then\n    # print error to STDERR\n    echo \"error: The sandbox is not in sync with the Podfile.lock. Run 'pod install' or update your CocoaPods installation.\" >&2\n    exit 1\nfi\n";
			showEnvVarsInLog = 0;
		};
		E087AD1B19659F5C42351DB0 /* [CP] Embed Pods Frameworks */ = {
			isa = PBXShellScriptBuildPhase;
			buildActionMask = 2147483647;
			files = (
			);
			inputPaths = (
			);
			name = "[CP] Embed Pods Frameworks";
			outputPaths = (
			);
			runOnlyForDeploymentPostprocessing = 0;
			shellPath = /bin/sh;
			shellScript = "\"${SRCROOT}/Pods/Target Support Files/Pods-World Wide ProtestTests/Pods-World Wide ProtestTests-frameworks.sh\"\n";
			showEnvVarsInLog = 0;
		};
/* End PBXShellScriptBuildPhase section */

/* Begin PBXSourcesBuildPhase section */
		86505DCE1E99144D0016512E /* Sources */ = {
			isa = PBXSourcesBuildPhase;
			buildActionMask = 2147483647;
			files = (
				8662B9231E99D1250072A634 /* LoginViewController.m in Sources */,
				8662B91D1E99B0780072A634 /* UIColor+ProtestColor.m in Sources */,
				86505DE01E99144D0016512E /* SecondViewController.m in Sources */,
				864CB8D21E9A12C100586212 /* TabbarController.m in Sources */,
				86505DDA1E99144D0016512E /* AppDelegate.m in Sources */,
				8662B9201E99D1150072A634 /* CreateNewEventViewController.m in Sources */,
				864CB8D61E9A225200586212 /* EventDetailViewController.m in Sources */,
				86505DDD1E99144D0016512E /* FirstViewController.m in Sources */,
				86505DD71E99144D0016512E /* main.m in Sources */,
				8662B91A1E99A6530072A634 /* DemoAnnotation.m in Sources */,
			);
			runOnlyForDeploymentPostprocessing = 0;
		};
		86505DEA1E99144D0016512E /* Sources */ = {
			isa = PBXSourcesBuildPhase;
			buildActionMask = 2147483647;
			files = (
				86505DF31E99144D0016512E /* World_Wide_ProtestTests.m in Sources */,
			);
			runOnlyForDeploymentPostprocessing = 0;
		};
		86505DF51E99144D0016512E /* Sources */ = {
			isa = PBXSourcesBuildPhase;
			buildActionMask = 2147483647;
			files = (
				86505DFE1E99144D0016512E /* World_Wide_ProtestUITests.m in Sources */,
			);
			runOnlyForDeploymentPostprocessing = 0;
		};
/* End PBXSourcesBuildPhase section */

/* Begin PBXTargetDependency section */
		86505DF01E99144D0016512E /* PBXTargetDependency */ = {
			isa = PBXTargetDependency;
			target = 86505DD11E99144D0016512E /* World Wide Protest */;
			targetProxy = 86505DEF1E99144D0016512E /* PBXContainerItemProxy */;
		};
		86505DFB1E99144D0016512E /* PBXTargetDependency */ = {
			isa = PBXTargetDependency;
			target = 86505DD11E99144D0016512E /* World Wide Protest */;
			targetProxy = 86505DFA1E99144D0016512E /* PBXContainerItemProxy */;
		};
/* End PBXTargetDependency section */

/* Begin PBXVariantGroup section */
		86505DE11E99144D0016512E /* Main.storyboard */ = {
			isa = PBXVariantGroup;
			children = (
				86505DE21E99144D0016512E /* Base */,
			);
			name = Main.storyboard;
			sourceTree = "<group>";
		};
		86505DE61E99144D0016512E /* LaunchScreen.storyboard */ = {
			isa = PBXVariantGroup;
			children = (
				86505DE71E99144D0016512E /* Base */,
			);
			name = LaunchScreen.storyboard;
			sourceTree = "<group>";
		};
/* End PBXVariantGroup section */

/* Begin XCBuildConfiguration section */
		86505E001E99144D0016512E /* Debug */ = {
			isa = XCBuildConfiguration;
			buildSettings = {
				ALWAYS_SEARCH_USER_PATHS = NO;
				CLANG_ANALYZER_NONNULL = YES;
				CLANG_ANALYZER_NUMBER_OBJECT_CONVERSION = YES_AGGRESSIVE;
				CLANG_CXX_LANGUAGE_STANDARD = "gnu++0x";
				CLANG_CXX_LIBRARY = "libc++";
				CLANG_ENABLE_MODULES = YES;
				CLANG_ENABLE_OBJC_ARC = YES;
				CLANG_WARN_BOOL_CONVERSION = YES;
				CLANG_WARN_CONSTANT_CONVERSION = YES;
				CLANG_WARN_DIRECT_OBJC_ISA_USAGE = YES_ERROR;
				CLANG_WARN_DOCUMENTATION_COMMENTS = YES;
				CLANG_WARN_EMPTY_BODY = YES;
				CLANG_WARN_ENUM_CONVERSION = YES;
				CLANG_WARN_INFINITE_RECURSION = YES;
				CLANG_WARN_INT_CONVERSION = YES;
				CLANG_WARN_OBJC_ROOT_CLASS = YES_ERROR;
				CLANG_WARN_SUSPICIOUS_MOVE = YES;
				CLANG_WARN_UNREACHABLE_CODE = YES;
				CLANG_WARN__DUPLICATE_METHOD_MATCH = YES;
				"CODE_SIGN_IDENTITY[sdk=iphoneos*]" = "iPhone Developer";
				COPY_PHASE_STRIP = NO;
				DEBUG_INFORMATION_FORMAT = dwarf;
				ENABLE_STRICT_OBJC_MSGSEND = YES;
				ENABLE_TESTABILITY = YES;
				GCC_C_LANGUAGE_STANDARD = gnu99;
				GCC_DYNAMIC_NO_PIC = NO;
				GCC_NO_COMMON_BLOCKS = YES;
				GCC_OPTIMIZATION_LEVEL = 0;
				GCC_PREPROCESSOR_DEFINITIONS = (
					"DEBUG=1",
					"$(inherited)",
				);
				GCC_WARN_64_TO_32_BIT_CONVERSION = YES;
				GCC_WARN_ABOUT_RETURN_TYPE = YES_ERROR;
				GCC_WARN_UNDECLARED_SELECTOR = YES;
				GCC_WARN_UNINITIALIZED_AUTOS = YES_AGGRESSIVE;
				GCC_WARN_UNUSED_FUNCTION = YES;
				GCC_WARN_UNUSED_VARIABLE = YES;
				IPHONEOS_DEPLOYMENT_TARGET = 10.3;
				MTL_ENABLE_DEBUG_INFO = YES;
				ONLY_ACTIVE_ARCH = YES;
				SDKROOT = iphoneos;
				TARGETED_DEVICE_FAMILY = "1,2";
			};
			name = Debug;
		};
		86505E011E99144D0016512E /* Release */ = {
			isa = XCBuildConfiguration;
			buildSettings = {
				ALWAYS_SEARCH_USER_PATHS = NO;
				CLANG_ANALYZER_NONNULL = YES;
				CLANG_ANALYZER_NUMBER_OBJECT_CONVERSION = YES_AGGRESSIVE;
				CLANG_CXX_LANGUAGE_STANDARD = "gnu++0x";
				CLANG_CXX_LIBRARY = "libc++";
				CLANG_ENABLE_MODULES = YES;
				CLANG_ENABLE_OBJC_ARC = YES;
				CLANG_WARN_BOOL_CONVERSION = YES;
				CLANG_WARN_CONSTANT_CONVERSION = YES;
				CLANG_WARN_DIRECT_OBJC_ISA_USAGE = YES_ERROR;
				CLANG_WARN_DOCUMENTATION_COMMENTS = YES;
				CLANG_WARN_EMPTY_BODY = YES;
				CLANG_WARN_ENUM_CONVERSION = YES;
				CLANG_WARN_INFINITE_RECURSION = YES;
				CLANG_WARN_INT_CONVERSION = YES;
				CLANG_WARN_OBJC_ROOT_CLASS = YES_ERROR;
				CLANG_WARN_SUSPICIOUS_MOVE = YES;
				CLANG_WARN_UNREACHABLE_CODE = YES;
				CLANG_WARN__DUPLICATE_METHOD_MATCH = YES;
				"CODE_SIGN_IDENTITY[sdk=iphoneos*]" = "iPhone Developer";
				COPY_PHASE_STRIP = NO;
				DEBUG_INFORMATION_FORMAT = "dwarf-with-dsym";
				ENABLE_NS_ASSERTIONS = NO;
				ENABLE_STRICT_OBJC_MSGSEND = YES;
				GCC_C_LANGUAGE_STANDARD = gnu99;
				GCC_NO_COMMON_BLOCKS = YES;
				GCC_WARN_64_TO_32_BIT_CONVERSION = YES;
				GCC_WARN_ABOUT_RETURN_TYPE = YES_ERROR;
				GCC_WARN_UNDECLARED_SELECTOR = YES;
				GCC_WARN_UNINITIALIZED_AUTOS = YES_AGGRESSIVE;
				GCC_WARN_UNUSED_FUNCTION = YES;
				GCC_WARN_UNUSED_VARIABLE = YES;
				IPHONEOS_DEPLOYMENT_TARGET = 10.3;
				MTL_ENABLE_DEBUG_INFO = NO;
				SDKROOT = iphoneos;
				TARGETED_DEVICE_FAMILY = "1,2";
				VALIDATE_PRODUCT = YES;
			};
			name = Release;
		};
		86505E031E99144D0016512E /* Debug */ = {
			isa = XCBuildConfiguration;
			baseConfigurationReference = 6303838C6F5166EC6829D0D2 /* Pods-World Wide Protest.debug.xcconfig */;
			buildSettings = {
				ASSETCATALOG_COMPILER_APPICON_NAME = AppIcon;
				CLANG_ALLOW_NON_MODULAR_INCLUDES_IN_FRAMEWORK_MODULES = NO;
				CLANG_ENABLE_MODULES = YES;
				CODE_SIGN_ENTITLEMENTS = "World Wide Protest/World Wide Protest.entitlements";
				DEVELOPMENT_TEAM = 52U6XAJSSF;
				INFOPLIST_FILE = "World Wide Protest/Info.plist";
				LD_RUNPATH_SEARCH_PATHS = "$(inherited) @executable_path/Frameworks";
				PRODUCT_BUNDLE_IDENTIFIER = io.frogg.worldwideprotest;
				PRODUCT_NAME = "$(TARGET_NAME)";
			};
			name = Debug;
		};
		86505E041E99144D0016512E /* Release */ = {
			isa = XCBuildConfiguration;
			baseConfigurationReference = 4F1B5C7540B0B22556495C07 /* Pods-World Wide Protest.release.xcconfig */;
			buildSettings = {
				ASSETCATALOG_COMPILER_APPICON_NAME = AppIcon;
				CLANG_ALLOW_NON_MODULAR_INCLUDES_IN_FRAMEWORK_MODULES = NO;
				CLANG_ENABLE_MODULES = YES;
				CODE_SIGN_ENTITLEMENTS = "World Wide Protest/World Wide Protest.entitlements";
				DEVELOPMENT_TEAM = 52U6XAJSSF;
				INFOPLIST_FILE = "World Wide Protest/Info.plist";
				LD_RUNPATH_SEARCH_PATHS = "$(inherited) @executable_path/Frameworks";
				PRODUCT_BUNDLE_IDENTIFIER = io.frogg.worldwideprotest;
				PRODUCT_NAME = "$(TARGET_NAME)";
			};
			name = Release;
		};
		86505E061E99144D0016512E /* Debug */ = {
			isa = XCBuildConfiguration;
			baseConfigurationReference = 096CDC1D7E709F165CEB750C /* Pods-World Wide ProtestTests.debug.xcconfig */;
			buildSettings = {
				BUNDLE_LOADER = "$(TEST_HOST)";
				DEVELOPMENT_TEAM = 52U6XAJSSF;
				INFOPLIST_FILE = "World Wide ProtestTests/Info.plist";
				LD_RUNPATH_SEARCH_PATHS = "$(inherited) @executable_path/Frameworks @loader_path/Frameworks";
				PRODUCT_BUNDLE_IDENTIFIER = "io.frogg.World-Wide-ProtestTests";
				PRODUCT_NAME = "$(TARGET_NAME)";
				TEST_HOST = "$(BUILT_PRODUCTS_DIR)/World Wide Protest.app/World Wide Protest";
			};
			name = Debug;
		};
		86505E071E99144D0016512E /* Release */ = {
			isa = XCBuildConfiguration;
			baseConfigurationReference = 4CC2A4B6D6FCD6A8C946E1FC /* Pods-World Wide ProtestTests.release.xcconfig */;
			buildSettings = {
				BUNDLE_LOADER = "$(TEST_HOST)";
				DEVELOPMENT_TEAM = 52U6XAJSSF;
				INFOPLIST_FILE = "World Wide ProtestTests/Info.plist";
				LD_RUNPATH_SEARCH_PATHS = "$(inherited) @executable_path/Frameworks @loader_path/Frameworks";
				PRODUCT_BUNDLE_IDENTIFIER = "io.frogg.World-Wide-ProtestTests";
				PRODUCT_NAME = "$(TARGET_NAME)";
				TEST_HOST = "$(BUILT_PRODUCTS_DIR)/World Wide Protest.app/World Wide Protest";
			};
			name = Release;
		};
		86505E091E99144D0016512E /* Debug */ = {
			isa = XCBuildConfiguration;
			baseConfigurationReference = AF8A40FACA915B4D79BE9590 /* Pods-World Wide ProtestUITests.debug.xcconfig */;
			buildSettings = {
				DEVELOPMENT_TEAM = 52U6XAJSSF;
				INFOPLIST_FILE = "World Wide ProtestUITests/Info.plist";
				LD_RUNPATH_SEARCH_PATHS = "$(inherited) @executable_path/Frameworks @loader_path/Frameworks";
				PRODUCT_BUNDLE_IDENTIFIER = "io.frogg.World-Wide-ProtestUITests";
				PRODUCT_NAME = "$(TARGET_NAME)";
				TEST_TARGET_NAME = "World Wide Protest";
			};
			name = Debug;
		};
		86505E0A1E99144D0016512E /* Release */ = {
			isa = XCBuildConfiguration;
			baseConfigurationReference = BA9165EC2BE1FDED76CFC6F1 /* Pods-World Wide ProtestUITests.release.xcconfig */;
			buildSettings = {
				DEVELOPMENT_TEAM = 52U6XAJSSF;
				INFOPLIST_FILE = "World Wide ProtestUITests/Info.plist";
				LD_RUNPATH_SEARCH_PATHS = "$(inherited) @executable_path/Frameworks @loader_path/Frameworks";
				PRODUCT_BUNDLE_IDENTIFIER = "io.frogg.World-Wide-ProtestUITests";
				PRODUCT_NAME = "$(TARGET_NAME)";
				TEST_TARGET_NAME = "World Wide Protest";
			};
			name = Release;
		};
/* End XCBuildConfiguration section */

/* Begin XCConfigurationList section */
		86505DCD1E99144D0016512E /* Build configuration list for PBXProject "World Wide Protest" */ = {
			isa = XCConfigurationList;
			buildConfigurations = (
				86505E001E99144D0016512E /* Debug */,
				86505E011E99144D0016512E /* Release */,
			);
			defaultConfigurationIsVisible = 0;
			defaultConfigurationName = Release;
		};
		86505E021E99144D0016512E /* Build configuration list for PBXNativeTarget "World Wide Protest" */ = {
			isa = XCConfigurationList;
			buildConfigurations = (
				86505E031E99144D0016512E /* Debug */,
				86505E041E99144D0016512E /* Release */,
			);
			defaultConfigurationIsVisible = 0;
			defaultConfigurationName = Release;
		};
		86505E051E99144D0016512E /* Build configuration list for PBXNativeTarget "World Wide ProtestTests" */ = {
			isa = XCConfigurationList;
			buildConfigurations = (
				86505E061E99144D0016512E /* Debug */,
				86505E071E99144D0016512E /* Release */,
			);
			defaultConfigurationIsVisible = 0;
			defaultConfigurationName = Release;
		};
		86505E081E99144D0016512E /* Build configuration list for PBXNativeTarget "World Wide ProtestUITests" */ = {
			isa = XCConfigurationList;
			buildConfigurations = (
				86505E091E99144D0016512E /* Debug */,
				86505E0A1E99144D0016512E /* Release */,
			);
			defaultConfigurationIsVisible = 0;
			defaultConfigurationName = Release;
		};
/* End XCConfigurationList section */
	};
	rootObject = 86505DCA1E99144D0016512E /* Project object */;
}
